
Microsoft Visual Studio Solution File, Format Version 12.00
# Visual Studio Version 17
VisualStudioVersion = 17.0.31903.59
MinimumVisualStudioVersion = 10.0.40219.1
Project("{FAE04EC0-301F-11D3-BF4B-00C04F79EFBC}") = "SyntheticDataGenerator", "SyntheticDataGenerator.csproj", "{B8F4E2A1-3C5D-4E7F-9A1B-2D3C4E5F6789}"
EndProject
Project("{2150E333-8FDC-42A3-9474-1A3956D46DE8}") = "executor", "executor", "{827E0CD3-B72D-47B6-A68D-7590B98EB39B}"
EndProject
Project("{FAE04EC0-301F-11D3-BF4B-00C04F79EFBC}") = "SqlServer", "executor\SqlServer\SqlServer.csproj", "{0736DEA5-319D-43F1-9E97-F68CA14541EE}"
EndProject
Project("{FAE04EC0-301F-11D3-BF4B-00C04F79EFBC}") = "SqlServer.Tests", "executor\SqlServer.Tests\SqlServer.Tests.csproj", "{1262F743-7BAE-4EE5-BD63-884650A097D7}"
EndProject
Project("{2150E333-8FDC-42A3-9474-1A3956D46DE8}") = "UI", "UI", "{A1B2C3D4-E5F6-7890-ABCD-EF1234567890}"
EndProject
Project("{FAE04EC0-301F-11D3-BF4B-00C04F79EFBC}") = "SyntheticDataGenerator.UI", "UI\SyntheticDataGenerator.UI\SyntheticDataGenerator.UI.csproj", "{379240D1-C205-487A-B1B5-31582E00D947}"
EndProject
Global
	GlobalSection(SolutionConfigurationPlatforms) = preSolution
		Debug|Any CPU = Debug|Any CPU
		Debug|x64 = Debug|x64
		Debug|x86 = Debug|x86
		Release|Any CPU = Release|Any CPU
		Release|x64 = Release|x64
		Release|x86 = Release|x86
	EndGlobalSection
	GlobalSection(ProjectConfigurationPlatforms) = postSolution
		{B8F4E2A1-3C5D-4E7F-9A1B-2D3C4E5F6789}.Debug|Any CPU.ActiveCfg = Debug|Any CPU
		{B8F4E2A1-3C5D-4E7F-9A1B-2D3C4E5F6789}.Debug|Any CPU.Build.0 = Debug|Any CPU
		{B8F4E2A1-3C5D-4E7F-9A1B-2D3C4E5F6789}.Debug|x64.ActiveCfg = Debug|Any CPU
		{B8F4E2A1-3C5D-4E7F-9A1B-2D3C4E5F6789}.Debug|x64.Build.0 = Debug|Any CPU
		{B8F4E2A1-3C5D-4E7F-9A1B-2D3C4E5F6789}.Debug|x86.ActiveCfg = Debug|Any CPU
		{B8F4E2A1-3C5D-4E7F-9A1B-2D3C4E5F6789}.Debug|x86.Build.0 = Debug|Any CPU
		{B8F4E2A1-3C5D-4E7F-9A1B-2D3C4E5F6789}.Release|Any CPU.ActiveCfg = Release|Any CPU
		{B8F4E2A1-3C5D-4E7F-9A1B-2D3C4E5F6789}.Release|Any CPU.Build.0 = Release|Any CPU
		{B8F4E2A1-3C5D-4E7F-9A1B-2D3C4E5F6789}.Release|x64.ActiveCfg = Release|Any CPU
		{B8F4E2A1-3C5D-4E7F-9A1B-2D3C4E5F6789}.Release|x64.Build.0 = Release|Any CPU
		{B8F4E2A1-3C5D-4E7F-9A1B-2D3C4E5F6789}.Release|x86.ActiveCfg = Release|Any CPU
		{B8F4E2A1-3C5D-4E7F-9A1B-2D3C4E5F6789}.Release|x86.Build.0 = Release|Any CPU
		{0736DEA5-319D-43F1-9E97-F68CA14541EE}.Debug|Any CPU.ActiveCfg = Debug|Any CPU
		{0736DEA5-319D-43F1-9E97-F68CA14541EE}.Debug|Any CPU.Build.0 = Debug|Any CPU
		{0736DEA5-319D-43F1-9E97-F68CA14541EE}.Debug|x64.ActiveCfg = Debug|Any CPU
		{0736DEA5-319D-43F1-9E97-F68CA14541EE}.Debug|x64.Build.0 = Debug|Any CPU
		{0736DEA5-319D-43F1-9E97-F68CA14541EE}.Debug|x86.ActiveCfg = Debug|Any CPU
		{0736DEA5-319D-43F1-9E97-F68CA14541EE}.Debug|x86.Build.0 = Debug|Any CPU
		{0736DEA5-319D-43F1-9E97-F68CA14541EE}.Release|Any CPU.ActiveCfg = Release|Any CPU
		{0736DEA5-319D-43F1-9E97-F68CA14541EE}.Release|Any CPU.Build.0 = Release|Any CPU
		{0736DEA5-319D-43F1-9E97-F68CA14541EE}.Release|x64.ActiveCfg = Release|Any CPU
		{0736DEA5-319D-43F1-9E97-F68CA14541EE}.Release|x64.Build.0 = Release|Any CPU
		{0736DEA5-319D-43F1-9E97-F68CA14541EE}.Release|x86.ActiveCfg = Release|Any CPU
		{0736DEA5-319D-43F1-9E97-F68CA14541EE}.Release|x86.Build.0 = Release|Any CPU
		{1262F743-7BAE-4EE5-BD63-884650A097D7}.Debug|Any CPU.ActiveCfg = Debug|Any CPU
		{1262F743-7BAE-4EE5-BD63-884650A097D7}.Debug|Any CPU.Build.0 = Debug|Any CPU
		{1262F743-7BAE-4EE5-BD63-884650A097D7}.Debug|x64.ActiveCfg = Debug|Any CPU
		{1262F743-7BAE-4EE5-BD63-884650A097D7}.Debug|x64.Build.0 = Debug|Any CPU
		{1262F743-7BAE-4EE5-BD63-884650A097D7}.Debug|x86.ActiveCfg = Debug|Any CPU
		{1262F743-7BAE-4EE5-BD63-884650A097D7}.Debug|x86.Build.0 = Debug|Any CPU
		{1262F743-7BAE-4EE5-BD63-884650A097D7}.Release|Any CPU.ActiveCfg = Release|Any CPU
		{1262F743-7BAE-4EE5-BD63-884650A097D7}.Release|Any CPU.Build.0 = Release|Any CPU
		{1262F743-7BAE-4EE5-BD63-884650A097D7}.Release|x64.ActiveCfg = Release|Any CPU
		{1262F743-7BAE-4EE5-BD63-884650A097D7}.Release|x64.Build.0 = Release|Any CPU
		{1262F743-7BAE-4EE5-BD63-884650A097D7}.Release|x86.ActiveCfg = Release|Any CPU
		{1262F743-7BAE-4EE5-BD63-884650A097D7}.Release|x86.Build.0 = Release|Any CPU
		{379240D1-C205-487A-B1B5-31582E00D947}.Debug|Any CPU.ActiveCfg = Debug|Any CPU
		{379240D1-C205-487A-B1B5-31582E00D947}.Debug|Any CPU.Build.0 = Debug|Any CPU
		{379240D1-C205-487A-B1B5-31582E00D947}.Debug|x64.ActiveCfg = Debug|Any CPU
		{379240D1-C205-487A-B1B5-31582E00D947}.Debug|x64.Build.0 = Debug|Any CPU
		{379240D1-C205-487A-B1B5-31582E00D947}.Debug|x86.ActiveCfg = Debug|Any CPU
		{379240D1-C205-487A-B1B5-31582E00D947}.Debug|x86.Build.0 = Debug|Any CPU
		{379240D1-C205-487A-B1B5-31582E00D947}.Release|Any CPU.ActiveCfg = Release|Any CPU
		{379240D1-C205-487A-B1B5-31582E00D947}.Release|Any CPU.Build.0 = Release|Any CPU
		{379240D1-C205-487A-B1B5-31582E00D947}.Release|x64.ActiveCfg = Release|Any CPU
		{379240D1-C205-487A-B1B5-31582E00D947}.Release|x64.Build.0 = Release|Any CPU
		{379240D1-C205-487A-B1B5-31582E00D947}.Release|x86.ActiveCfg = Release|Any CPU
		{379240D1-C205-487A-B1B5-31582E00D947}.Release|x86.Build.0 = Release|Any CPU
	EndGlobalSection
	GlobalSection(SolutionProperties) = preSolution
		HideSolutionNode = FALSE
	EndGlobalSection
	GlobalSection(NestedProjects) = preSolution
		{0736DEA5-319D-43F1-9E97-F68CA14541EE} = {827E0CD3-B72D-47B6-A68D-7590B98EB39B}
		{1262F743-7BAE-4EE5-BD63-884650A097D7} = {827E0CD3-B72D-47B6-A68D-7590B98EB39B}
		{379240D1-C205-487A-B1B5-31582E00D947} = {A1B2C3D4-E5F6-7890-ABCD-EF1234567890}
	EndGlobalSection
EndGlobal
